// !$*UTF8*$!
{
	archiveVersion = 1;
	classes = {
	};
	objectVersion = 51;
	objects = {

/* Begin PBXBuildFile section */
		18255271AA61C042E7F79423 /* Pods_Ship.framework in Frameworks */ = {isa = PBXBuildFile; fileRef = 53B5E19CC410EEE08124CAB4 /* Pods_Ship.framework */; };
		43000D0E256D3ACF002423DE /* ShipApp.swift in Sources */ = {isa = PBXBuildFile; fileRef = 43000D0D256D3ACF002423DE /* ShipApp.swift */; };
		43000D10256D3ACF002423DE /* ContentView.swift in Sources */ = {isa = PBXBuildFile; fileRef = 43000D0F256D3ACF002423DE /* ContentView.swift */; };
		43000D12256D3ACF002423DE /* Assets.xcassets in Resources */ = {isa = PBXBuildFile; fileRef = 43000D11256D3ACF002423DE /* Assets.xcassets */; };
		43000D15256D3ACF002423DE /* Preview Assets.xcassets in Resources */ = {isa = PBXBuildFile; fileRef = 43000D14256D3ACF002423DE /* Preview Assets.xcassets */; };
		43000D4E256D3CB2002423DE /* AutoControl.swift in Sources */ = {isa = PBXBuildFile; fileRef = 43000D4D256D3CB2002423DE /* AutoControl.swift */; };
		43000D51256D3CD2002423DE /* Data.swift in Sources */ = {isa = PBXBuildFile; fileRef = 43000D50256D3CD2002423DE /* Data.swift */; };
		43000D54256D3CF1002423DE /* GPS.swift in Sources */ = {isa = PBXBuildFile; fileRef = 43000D53256D3CF1002423DE /* GPS.swift */; };
		43000D57256D3D08002423DE /* MapView.swift in Sources */ = {isa = PBXBuildFile; fileRef = 43000D56256D3D08002423DE /* MapView.swift */; };
		43000D5A256D3D24002423DE /* NavigateView.swift in Sources */ = {isa = PBXBuildFile; fileRef = 43000D59256D3D24002423DE /* NavigateView.swift */; };
		43000D5D256D3D68002423DE /* PlayerView.swift in Sources */ = {isa = PBXBuildFile; fileRef = 43000D5C256D3D68002423DE /* PlayerView.swift */; };
		43000D60256D3D7A002423DE /* VideoView.swift in Sources */ = {isa = PBXBuildFile; fileRef = 43000D5F256D3D7A002423DE /* VideoView.swift */; };
		43000D63256D3DA0002423DE /* ManualControl.swift in Sources */ = {isa = PBXBuildFile; fileRef = 43000D62256D3DA0002423DE /* ManualControl.swift */; };
		43000D66256D46BA002423DE /* GoogleService-Info.plist in Resources */ = {isa = PBXBuildFile; fileRef = 43000D65256D46BA002423DE /* GoogleService-Info.plist */; };
/* End PBXBuildFile section */

/* Begin PBXFileReference section */
		43000D0A256D3ACF002423DE /* Ship.app */ = {isa = PBXFileReference; explicitFileType = wrapper.application; includeInIndex = 0; path = Ship.app; sourceTree = BUILT_PRODUCTS_DIR; };
		43000D0D256D3ACF002423DE /* ShipApp.swift */ = {isa = PBXFileReference; lastKnownFileType = sourcecode.swift; path = ShipApp.swift; sourceTree = "<group>"; };
		43000D0F256D3ACF002423DE /* ContentView.swift */ = {isa = PBXFileReference; lastKnownFileType = sourcecode.swift; path = ContentView.swift; sourceTree = "<group>"; };
		43000D11256D3ACF002423DE /* Assets.xcassets */ = {isa = PBXFileReference; lastKnownFileType = folder.assetcatalog; path = Assets.xcassets; sourceTree = "<group>"; };
		43000D14256D3ACF002423DE /* Preview Assets.xcassets */ = {isa = PBXFileReference; lastKnownFileType = folder.assetcatalog; path = "Preview Assets.xcassets"; sourceTree = "<group>"; };
		43000D16256D3ACF002423DE /* Info.plist */ = {isa = PBXFileReference; lastKnownFileType = text.plist.xml; path = Info.plist; sourceTree = "<group>"; };
		43000D4D256D3CB2002423DE /* AutoControl.swift */ = {isa = PBXFileReference; lastKnownFileType = sourcecode.swift; path = AutoControl.swift; sourceTree = "<group>"; };
		43000D50256D3CD2002423DE /* Data.swift */ = {isa = PBXFileReference; lastKnownFileType = sourcecode.swift; path = Data.swift; sourceTree = "<group>"; };
		43000D53256D3CF1002423DE /* GPS.swift */ = {isa = PBXFileReference; lastKnownFileType = sourcecode.swift; path = GPS.swift; sourceTree = "<group>"; };
		43000D56256D3D08002423DE /* MapView.swift */ = {isa = PBXFileReference; lastKnownFileType = sourcecode.swift; path = MapView.swift; sourceTree = "<group>"; };
		43000D59256D3D24002423DE /* NavigateView.swift */ = {isa = PBXFileReference; lastKnownFileType = sourcecode.swift; path = NavigateView.swift; sourceTree = "<group>"; };
		43000D5C256D3D68002423DE /* PlayerView.swift */ = {isa = PBXFileReference; lastKnownFileType = sourcecode.swift; path = PlayerView.swift; sourceTree = "<group>"; };
		43000D5F256D3D7A002423DE /* VideoView.swift */ = {isa = PBXFileReference; lastKnownFileType = sourcecode.swift; path = VideoView.swift; sourceTree = "<group>"; };
		43000D62256D3DA0002423DE /* ManualControl.swift */ = {isa = PBXFileReference; lastKnownFileType = sourcecode.swift; path = ManualControl.swift; sourceTree = "<group>"; };
		43000D65256D46BA002423DE /* GoogleService-Info.plist */ = {isa = PBXFileReference; fileEncoding = 4; lastKnownFileType = text.plist.xml; path = "GoogleService-Info.plist"; sourceTree = "<group>"; };
		53B5E19CC410EEE08124CAB4 /* Pods_Ship.framework */ = {isa = PBXFileReference; explicitFileType = wrapper.framework; includeInIndex = 0; path = Pods_Ship.framework; sourceTree = BUILT_PRODUCTS_DIR; };
		6FE282E6BFB6B8B518A08001 /* Pods-Ship.release.xcconfig */ = {isa = PBXFileReference; includeInIndex = 1; lastKnownFileType = text.xcconfig; name = "Pods-Ship.release.xcconfig"; path = "Target Support Files/Pods-Ship/Pods-Ship.release.xcconfig"; sourceTree = "<group>"; };
		87D9E93D2A56A2E726366292 /* Pods-Ship.debug.xcconfig */ = {isa = PBXFileReference; includeInIndex = 1; lastKnownFileType = text.xcconfig; name = "Pods-Ship.debug.xcconfig"; path = "Target Support Files/Pods-Ship/Pods-Ship.debug.xcconfig"; sourceTree = "<group>"; };
/* End PBXFileReference section */

/* Begin PBXFrameworksBuildPhase section */
		43000D07256D3ACF002423DE /* Frameworks */ = {
			isa = PBXFrameworksBuildPhase;
			buildActionMask = 2147483647;
			files = (
				18255271AA61C042E7F79423 /* Pods_Ship.framework in Frameworks */,
			);
			runOnlyForDeploymentPostprocessing = 0;
		};
/* End PBXFrameworksBuildPhase section */

/* Begin PBXGroup section */
		14A483BDB6B21260962B7974 /* Pods */ = {
			isa = PBXGroup;
			children = (
				87D9E93D2A56A2E726366292 /* Pods-Ship.debug.xcconfig */,
				6FE282E6BFB6B8B518A08001 /* Pods-Ship.release.xcconfig */,
			);
			path = Pods;
			sourceTree = "<group>";
		};
		43000D01256D3ACF002423DE = {
			isa = PBXGroup;
			children = (
				43000D0C256D3ACF002423DE /* Ship */,
				43000D0B256D3ACF002423DE /* Products */,
				14A483BDB6B21260962B7974 /* Pods */,
				B21BF4470686D09C6315695A /* Frameworks */,
			);
			sourceTree = "<group>";
		};
		43000D0B256D3ACF002423DE /* Products */ = {
			isa = PBXGroup;
			children = (
				43000D0A256D3ACF002423DE /* Ship.app */,
			);
			name = Products;
			sourceTree = "<group>";
		};
		43000D0C256D3ACF002423DE /* Ship */ = {
			isa = PBXGroup;
			children = (
				43000D0D256D3ACF002423DE /* ShipApp.swift */,
				43000D0F256D3ACF002423DE /* ContentView.swift */,
				43000D11256D3ACF002423DE /* Assets.xcassets */,
				43000D16256D3ACF002423DE /* Info.plist */,
				43000D65256D46BA002423DE /* GoogleService-Info.plist */,
				43000D13256D3ACF002423DE /* Preview Content */,
				43000D4D256D3CB2002423DE /* AutoControl.swift */,
				43000D50256D3CD2002423DE /* Data.swift */,
				43000D53256D3CF1002423DE /* GPS.swift */,
				43000D56256D3D08002423DE /* MapView.swift */,
				43000D59256D3D24002423DE /* NavigateView.swift */,
				43000D5C256D3D68002423DE /* PlayerView.swift */,
				43000D5F256D3D7A002423DE /* VideoView.swift */,
				43000D62256D3DA0002423DE /* ManualControl.swift */,
			);
			path = Ship;
			sourceTree = "<group>";
		};
		43000D13256D3ACF002423DE /* Preview Content */ = {
			isa = PBXGroup;
			children = (
				43000D14256D3ACF002423DE /* Preview Assets.xcassets */,
			);
			path = "Preview Content";
			sourceTree = "<group>";
		};
		B21BF4470686D09C6315695A /* Frameworks */ = {
			isa = PBXGroup;
			children = (
				53B5E19CC410EEE08124CAB4 /* Pods_Ship.framework */,
			);
			name = Frameworks;
			sourceTree = "<group>";
		};
/* End PBXGroup section */

/* Begin PBXNativeTarget section */
		43000D09256D3ACF002423DE /* Ship */ = {
			isa = PBXNativeTarget;
			buildConfigurationList = 43000D19256D3ACF002423DE /* Build configuration list for PBXNativeTarget "Ship" */;
			buildPhases = (
				ED5F9B412A9BAFD0A4C57EFA /* [CP] Check Pods Manifest.lock */,
				43000D06256D3ACF002423DE /* Sources */,
				43000D07256D3ACF002423DE /* Frameworks */,
				43000D08256D3ACF002423DE /* Resources */,
				3B47ADD9B393686885219B57 /* [CP] Embed Pods Frameworks */,
			);
			buildRules = (
			);
			dependencies = (
			);
			name = Ship;
			productName = Ship;
			productReference = 43000D0A256D3ACF002423DE /* Ship.app */;
			productType = "com.apple.product-type.application";
		};
/* End PBXNativeTarget section */

/* Begin PBXProject section */
		43000D02256D3ACF002423DE /* Project object */ = {
			isa = PBXProject;
			attributes = {
				LastSwiftUpdateCheck = 1220;
				LastUpgradeCheck = 1220;
				TargetAttributes = {
					43000D09256D3ACF002423DE = {
						CreatedOnToolsVersion = 12.2;
					};
				};
			};
			buildConfigurationList = 43000D05256D3ACF002423DE /* Build configuration list for PBXProject "Ship" */;
			compatibilityVersion = "Xcode 9.3";
			developmentRegion = en;
			hasScannedForEncodings = 0;
			knownRegions = (
				en,
				Base,
			);
			mainGroup = 43000D01256D3ACF002423DE;
			productRefGroup = 43000D0B256D3ACF002423DE /* Products */;
			projectDirPath = "";
			projectRoot = "";
			targets = (
				43000D09256D3ACF002423DE /* Ship */,
			);
		};
/* End PBXProject section */

/* Begin PBXResourcesBuildPhase section */
		43000D08256D3ACF002423DE /* Resources */ = {
			isa = PBXResourcesBuildPhase;
			buildActionMask = 2147483647;
			files = (
				43000D15256D3ACF002423DE /* Preview Assets.xcassets in Resources */,
				43000D12256D3ACF002423DE /* Assets.xcassets in Resources */,
				43000D66256D46BA002423DE /* GoogleService-Info.plist in Resources */,
			);
			runOnlyForDeploymentPostprocessing = 0;
		};
/* End PBXResourcesBuildPhase section */

/* Begin PBXShellScriptBuildPhase section */
		3B47ADD9B393686885219B57 /* [CP] Embed Pods Frameworks */ = {
			isa = PBXShellScriptBuildPhase;
			buildActionMask = 2147483647;
			files = (
			);
			inputFileListPaths = (
				"${PODS_ROOT}/Target Support Files/Pods-Ship/Pods-Ship-frameworks-${CONFIGURATION}-input-files.xcfilelist",
			);
			name = "[CP] Embed Pods Frameworks";
			outputFileListPaths = (
				"${PODS_ROOT}/Target Support Files/Pods-Ship/Pods-Ship-frameworks-${CONFIGURATION}-output-files.xcfilelist",
			);
			runOnlyForDeploymentPostprocessing = 0;
			shellPath = /bin/sh;
			shellScript = "\"${PODS_ROOT}/Target Support Files/Pods-Ship/Pods-Ship-frameworks.sh\"\n";
			showEnvVarsInLog = 0;
		};
		ED5F9B412A9BAFD0A4C57EFA /* [CP] Check Pods Manifest.lock */ = {
			isa = PBXShellScriptBuildPhase;
			buildActionMask = 2147483647;
			files = (
			);
			inputFileListPaths = (
			);
			inputPaths = (
				"${PODS_PODFILE_DIR_PATH}/Podfile.lock",
				"${PODS_ROOT}/Manifest.lock",
			);
			name = "[CP] Check Pods Manifest.lock";
			outputFileListPaths = (
			);
			outputPaths = (
				"$(DERIVED_FILE_DIR)/Pods-Ship-checkManifestLockResult.txt",
			);
			runOnlyForDeploymentPostprocessing = 0;
			shellPath = /bin/sh;
			shellScript = "diff \"${PODS_PODFILE_DIR_PATH}/Podfile.lock\" \"${PODS_ROOT}/Manifest.lock\" > /dev/null\nif [ $? != 0 ] ; then\n    # print error to STDERR\n    echo \"error: The sandbox is not in sync with the Podfile.lock. Run 'pod install' or update your CocoaPods installation.\" >&2\n    exit 1\nfi\n# This output is used by Xcode 'outputs' to avoid re-running this script phase.\necho \"SUCCESS\" > \"${SCRIPT_OUTPUT_FILE_0}\"\n";
			showEnvVarsInLog = 0;
		};
/* End PBXShellScriptBuildPhase section */

/* Begin PBXSourcesBuildPhase section */
		43000D06256D3ACF002423DE /* Sources */ = {
			isa = PBXSourcesBuildPhase;
			buildActionMask = 2147483647;
			files = (
				43000D5D256D3D68002423DE /* PlayerView.swift in Sources */,
				43000D63256D3DA0002423DE /* ManualControl.swift in Sources */,
				43000D57256D3D08002423DE /* MapView.swift in Sources */,
				43000D10256D3ACF002423DE /* ContentView.swift in Sources */,
				43000D51256D3CD2002423DE /* Data.swift in Sources */,
				43000D54256D3CF1002423DE /* GPS.swift in Sources */,
				43000D0E256D3ACF002423DE /* ShipApp.swift in Sources */,
				43000D60256D3D7A002423DE /* VideoView.swift in Sources */,
				43000D4E256D3CB2002423DE /* AutoControl.swift in Sources */,
				43000D5A256D3D24002423DE /* NavigateView.swift in Sources */,
			);
			runOnlyForDeploymentPostprocessing = 0;
		};
/* End PBXSourcesBuildPhase section */

/* Begin XCBuildConfiguration section */
		43000D17256D3ACF002423DE /* Debug */ = {
			isa = XCBuildConfiguration;
			buildSettings = {
				ALWAYS_SEARCH_USER_PATHS = NO;
				CLANG_ANALYZER_NONNULL = YES;
				CLANG_ANALYZER_NUMBER_OBJECT_CONVERSION = YES_AGGRESSIVE;
				CLANG_CXX_LANGUAGE_STANDARD = "gnu++14";
				CLANG_CXX_LIBRARY = "libc++";
				CLANG_ENABLE_MODULES = YES;
				CLANG_ENABLE_OBJC_ARC = YES;
				CLANG_ENABLE_OBJC_WEAK = YES;
				CLANG_WARN_BLOCK_CAPTURE_AUTORELEASING = YES;
				CLANG_WARN_BOOL_CONVERSION = YES;
				CLANG_WARN_COMMA = YES;
				CLANG_WARN_CONSTANT_CONVERSION = YES;
				CLANG_WARN_DEPRECATED_OBJC_IMPLEMENTATIONS = YES;
				CLANG_WARN_DIRECT_OBJC_ISA_USAGE = YES_ERROR;
				CLANG_WARN_DOCUMENTATION_COMMENTS = YES;
				CLANG_WARN_EMPTY_BODY = YES;
				CLANG_WARN_ENUM_CONVERSION = YES;
				CLANG_WARN_INFINITE_RECURSION = YES;
				CLANG_WARN_INT_CONVERSION = YES;
				CLANG_WARN_NON_LITERAL_NULL_CONVERSION = YES;
				CLANG_WARN_OBJC_IMPLICIT_RETAIN_SELF = YES;
				CLANG_WARN_OBJC_LITERAL_CONVERSION = YES;
				CLANG_WARN_OBJC_ROOT_CLASS = YES_ERROR;
				CLANG_WARN_QUOTED_INCLUDE_IN_FRAMEWORK_HEADER = YES;
				CLANG_WARN_RANGE_LOOP_ANALYSIS = YES;
				CLANG_WARN_STRICT_PROTOTYPES = YES;
				CLANG_WARN_SUSPICIOUS_MOVE = YES;
				CLANG_WARN_UNGUARDED_AVAILABILITY = YES_AGGRESSIVE;
				CLANG_WARN_UNREACHABLE_CODE = YES;
				CLANG_WARN__DUPLICATE_METHOD_MATCH = YES;
				COPY_PHASE_STRIP = NO;
				DEBUG_INFORMATION_FORMAT = dwarf;
				ENABLE_STRICT_OBJC_MSGSEND = YES;
				ENABLE_TESTABILITY = YES;
				GCC_C_LANGUAGE_STANDARD = gnu11;
				GCC_DYNAMIC_NO_PIC = NO;
				GCC_NO_COMMON_BLOCKS = YES;
				GCC_OPTIMIZATION_LEVEL = 0;
				GCC_PREPROCESSOR_DEFINITIONS = (
					"DEBUG=1",
					"$(inherited)",
				);
				GCC_WARN_64_TO_32_BIT_CONVERSION = YES;
				GCC_WARN_ABOUT_RETURN_TYPE = YES_ERROR;
				GCC_WARN_UNDECLARED_SELECTOR = YES;
				GCC_WARN_UNINITIALIZED_AUTOS = YES_AGGRESSIVE;
				GCC_WARN_UNUSED_FUNCTION = YES;
				GCC_WARN_UNUSED_VARIABLE = YES;
				IPHONEOS_DEPLOYMENT_TARGET = 14.2;
				MTL_ENABLE_DEBUG_INFO = INCLUDE_SOURCE;
				MTL_FAST_MATH = YES;
				ONLY_ACTIVE_ARCH = YES;
				SDKROOT = iphoneos;
				SWIFT_ACTIVE_COMPILATION_CONDITIONS = DEBUG;
				SWIFT_OPTIMIZATION_LEVEL = "-Onone";
			};
			name = Debug;
		};
		43000D18256D3ACF002423DE /* Release */ = {
			isa = XCBuildConfiguration;
			buildSettings = {
				ALWAYS_SEARCH_USER_PATHS = NO;
				CLANG_ANALYZER_NONNULL = YES;
				CLANG_ANALYZER_NUMBER_OBJECT_CONVERSION = YES_AGGRESSIVE;
				CLANG_CXX_LANGUAGE_STANDARD = "gnu++14";
				CLANG_CXX_LIBRARY = "libc++";
				CLANG_ENABLE_MODULES = YES;
				CLANG_ENABLE_OBJC_ARC = YES;
				CLANG_ENABLE_OBJC_WEAK = YES;
				CLANG_WARN_BLOCK_CAPTURE_AUTORELEASING = YES;
				CLANG_WARN_BOOL_CONVERSION = YES;
				CLANG_WARN_COMMA = YES;
				CLANG_WARN_CONSTANT_CONVERSION = YES;
				CLANG_WARN_DEPRECATED_OBJC_IMPLEMENTATIONS = YES;
				CLANG_WARN_DIRECT_OBJC_ISA_USAGE = YES_ERROR;
				CLANG_WARN_DOCUMENTATION_COMMENTS = YES;
				CLANG_WARN_EMPTY_BODY = YES;
				CLANG_WARN_ENUM_CONVERSION = YES;
				CLANG_WARN_INFINITE_RECURSION = YES;
				CLANG_WARN_INT_CONVERSION = YES;
				CLANG_WARN_NON_LITERAL_NULL_CONVERSION = YES;
				CLANG_WARN_OBJC_IMPLICIT_RETAIN_SELF = YES;
				CLANG_WARN_OBJC_LITERAL_CONVERSION = YES;
				CLANG_WARN_OBJC_ROOT_CLASS = YES_ERROR;
				CLANG_WARN_QUOTED_INCLUDE_IN_FRAMEWORK_HEADER = YES;
				CLANG_WARN_RANGE_LOOP_ANALYSIS = YES;
				CLANG_WARN_STRICT_PROTOTYPES = YES;
				CLANG_WARN_SUSPICIOUS_MOVE = YES;
				CLANG_WARN_UNGUARDED_AVAILABILITY = YES_AGGRESSIVE;
				CLANG_WARN_UNREACHABLE_CODE = YES;
				CLANG_WARN__DUPLICATE_METHOD_MATCH = YES;
				COPY_PHASE_STRIP = NO;
				DEBUG_INFORMATION_FORMAT = "dwarf-with-dsym";
				ENABLE_NS_ASSERTIONS = NO;
				ENABLE_STRICT_OBJC_MSGSEND = YES;
				GCC_C_LANGUAGE_STANDARD = gnu11;
				GCC_NO_COMMON_BLOCKS = YES;
				GCC_WARN_64_TO_32_BIT_CONVERSION = YES;
				GCC_WARN_ABOUT_RETURN_TYPE = YES_ERROR;
				GCC_WARN_UNDECLARED_SELECTOR = YES;
				GCC_WARN_UNINITIALIZED_AUTOS = YES_AGGRESSIVE;
				GCC_WARN_UNUSED_FUNCTION = YES;
				GCC_WARN_UNUSED_VARIABLE = YES;
				IPHONEOS_DEPLOYMENT_TARGET = 14.2;
				MTL_ENABLE_DEBUG_INFO = NO;
				MTL_FAST_MATH = YES;
				SDKROOT = iphoneos;
				SWIFT_COMPILATION_MODE = wholemodule;
				SWIFT_OPTIMIZATION_LEVEL = "-O";
				VALIDATE_PRODUCT = YES;
			};
			name = Release;
		};
		43000D1A256D3ACF002423DE /* Debug */ = {
			isa = XCBuildConfiguration;
			baseConfigurationReference = 87D9E93D2A56A2E726366292 /* Pods-Ship.debug.xcconfig */;
			buildSettings = {
				ASSETCATALOG_COMPILER_APPICON_NAME = AppIcon;
				ASSETCATALOG_COMPILER_GLOBAL_ACCENT_COLOR_NAME = AccentColor;
				CODE_SIGN_STYLE = Automatic;
				DEVELOPMENT_ASSET_PATHS = "\"Ship/Preview Content\"";
				DEVELOPMENT_TEAM = CQCPP83MT6;
				ENABLE_BITCODE = NO;
				ENABLE_PREVIEWS = YES;
				INFOPLIST_FILE = Ship/Info.plist;
				IPHONEOS_DEPLOYMENT_TARGET = 14.0;
				LD_RUNPATH_SEARCH_PATHS = (
					"$(inherited)",
					"@executable_path/Frameworks",
				);
				PRODUCT_BUNDLE_IDENTIFIER = com.chase.Ship;
				PRODUCT_NAME = "$(TARGET_NAME)";
				SWIFT_VERSION = 5.0;
				TARGETED_DEVICE_FAMILY = "1,2";
			};
			name = Debug;
		};
		43000D1B256D3ACF002423DE /* Release */ = {
			isa = XCBuildConfiguration;
			baseConfigurationReference = 6FE282E6BFB6B8B518A08001 /* Pods-Ship.release.xcconfig */;
			buildSettings = {
				ASSETCATALOG_COMPILER_APPICON_NAME = AppIcon;
				ASSETCATALOG_COMPILER_GLOBAL_ACCENT_COLOR_NAME = AccentColor;
				CODE_SIGN_STYLE = Automatic;
				DEVELOPMENT_ASSET_PATHS = "\"Ship/Preview Content\"";
				DEVELOPMENT_TEAM = CQCPP83MT6;
				ENABLE_BITCODE = NO;
				ENABLE_PREVIEWS = YES;
				INFOPLIST_FILE = Ship/Info.plist;
				IPHONEOS_DEPLOYMENT_TARGET = 14.0;
				LD_RUNPATH_SEARCH_PATHS = (
					"$(inherited)",
					"@executable_path/Frameworks",
				);
				PRODUCT_BUNDLE_IDENTIFIER = com.chase.Ship;
				PRODUCT_NAME = "$(TARGET_NAME)";
				SWIFT_VERSION = 5.0;
				TARGETED_DEVICE_FAMILY = "1,2";
			};
			name = Release;
		};
/* End XCBuildConfiguration section */

/* Begin XCConfigurationList section */
		43000D05256D3ACF002423DE /* Build configuration list for PBXProject "Ship" */ = {
			isa = XCConfigurationList;
			buildConfigurations = (
				43000D17256D3ACF002423DE /* Debug */,
				43000D18256D3ACF002423DE /* Release */,
			);
			defaultConfigurationIsVisible = 0;
			defaultConfigurationName = Release;
		};
		43000D19256D3ACF002423DE /* Build configuration list for PBXNativeTarget "Ship" */ = {
			isa = XCConfigurationList;
			buildConfigurations = (
				43000D1A256D3ACF002423DE /* Debug */,
				43000D1B256D3ACF002423DE /* Release */,
			);
			defaultConfigurationIsVisible = 0;
			defaultConfigurationName = Release;
		};
/* End XCConfigurationList section */
	};
	rootObject = 43000D02256D3ACF002423DE /* Project object */;
}
